// !$*UTF8*$!
{
	archiveVersion = 1;
	classes = {
	};
	objectVersion = 46;
	objects = {

/* Begin PBXBuildFile section */
		0574B2801A314B1E006636CC /* libAPI.a in Frameworks */ = {isa = PBXBuildFile; fileRef = 0574B27D1A314B1E006636CC /* libAPI.a */; };
		0576557419C923AC0097A1CA /* ManiTabBarViewController.m in Sources */ = {isa = PBXBuildFile; fileRef = 0576557319C923AC0097A1CA /* ManiTabBarViewController.m */; };
		0576557F19C924000097A1CA /* FirstViewController.m in Sources */ = {isa = PBXBuildFile; fileRef = 0576557619C924000097A1CA /* FirstViewController.m */; };
		0576558019C924000097A1CA /* FiveTableViewController.m in Sources */ = {isa = PBXBuildFile; fileRef = 0576557819C924000097A1CA /* FiveTableViewController.m */; };
		0576558119C924000097A1CA /* MayNavViewController.m in Sources */ = {isa = PBXBuildFile; fileRef = 0576557A19C924000097A1CA /* MayNavViewController.m */; };
		0576558219C924000097A1CA /* SecondViewController.m in Sources */ = {isa = PBXBuildFile; fileRef = 0576557C19C924000097A1CA /* SecondViewController.m */; };
		0576558319C924000097A1CA /* ThirdViewController.m in Sources */ = {isa = PBXBuildFile; fileRef = 0576557E19C924000097A1CA /* ThirdViewController.m */; };
		0576558619C924250097A1CA /* ForeViewController.m in Sources */ = {isa = PBXBuildFile; fileRef = 0576558519C924250097A1CA /* ForeViewController.m */; };
		0576558919C924780097A1CA /* BaseViewController.m in Sources */ = {isa = PBXBuildFile; fileRef = 0576558819C924780097A1CA /* BaseViewController.m */; };
		057AC5A319945A520098F797 /* citydict.plist in Resources */ = {isa = PBXBuildFile; fileRef = 057AC5A219945A520098F797 /* citydict.plist */; };
		0584A19E1A36A25E00F4BDDA /* MYimage.m in Sources */ = {isa = PBXBuildFile; fileRef = 0584A19D1A36A25E00F4BDDA /* MYimage.m */; };
		0584A1A21A36A2F400F4BDDA /* 2.jpg in Resources */ = {isa = PBXBuildFile; fileRef = 0584A19F1A36A2F400F4BDDA /* 2.jpg */; };
		0584A1A31A36A2F400F4BDDA /* 3.jpeg in Resources */ = {isa = PBXBuildFile; fileRef = 0584A1A01A36A2F400F4BDDA /* 3.jpeg */; };
		0584A1A41A36A2F400F4BDDA /* 4.jpg in Resources */ = {isa = PBXBuildFile; fileRef = 0584A1A11A36A2F400F4BDDA /* 4.jpg */; };
		0584A1A81A36E90800F4BDDA /* NdUncaughtExceptionHandler.m in Sources */ = {isa = PBXBuildFile; fileRef = 0584A1A71A36E90800F4BDDA /* NdUncaughtExceptionHandler.m */; };
		05AA2D5C19C2A8E600173D17 /* guides0.png in Resources */ = {isa = PBXBuildFile; fileRef = 05AA2D5819C2A8E600173D17 /* guides0.png */; };
		05AA2D5D19C2A8E600173D17 /* guides1.png in Resources */ = {isa = PBXBuildFile; fileRef = 05AA2D5919C2A8E600173D17 /* guides1.png */; };
		05AA2D5E19C2A8E600173D17 /* guides2.png in Resources */ = {isa = PBXBuildFile; fileRef = 05AA2D5A19C2A8E600173D17 /* guides2.png */; };
		05AA2D5F19C2A8E600173D17 /* guides3.png in Resources */ = {isa = PBXBuildFile; fileRef = 05AA2D5B19C2A8E600173D17 /* guides3.png */; };
		05B837FD199DB45F00B6BC2A /* unicode_to_hanyu_pinyin.txt in Resources */ = {isa = PBXBuildFile; fileRef = 05B837FC199DB45F00B6BC2A /* unicode_to_hanyu_pinyin.txt */; };
		6CFB96611891F64D007A5E38 /* Foundation.framework in Frameworks */ = {isa = PBXBuildFile; fileRef = 6CFB96601891F64D007A5E38 /* Foundation.framework */; };
		6CFB96631891F64D007A5E38 /* CoreGraphics.framework in Frameworks */ = {isa = PBXBuildFile; fileRef = 6CFB96621891F64D007A5E38 /* CoreGraphics.framework */; };
		6CFB96651891F64D007A5E38 /* UIKit.framework in Frameworks */ = {isa = PBXBuildFile; fileRef = 6CFB96641891F64D007A5E38 /* UIKit.framework */; };
		6CFB966B1891F64D007A5E38 /* InfoPlist.strings in Resources */ = {isa = PBXBuildFile; fileRef = 6CFB96691891F64D007A5E38 /* InfoPlist.strings */; };
		6CFB966D1891F64D007A5E38 /* main.m in Sources */ = {isa = PBXBuildFile; fileRef = 6CFB966C1891F64D007A5E38 /* main.m */; };
		6CFB96711891F64D007A5E38 /* AppDelegate.m in Sources */ = {isa = PBXBuildFile; fileRef = 6CFB96701891F64D007A5E38 /* AppDelegate.m */; };
		6CFB96741891F64D007A5E38 /* Main.storyboard in Resources */ = {isa = PBXBuildFile; fileRef = 6CFB96721891F64D007A5E38 /* Main.storyboard */; };
		6CFB96771891F64D007A5E38 /* ViewController.m in Sources */ = {isa = PBXBuildFile; fileRef = 6CFB96761891F64D007A5E38 /* ViewController.m */; };
		6CFB96791891F64D007A5E38 /* Images.xcassets in Resources */ = {isa = PBXBuildFile; fileRef = 6CFB96781891F64D007A5E38 /* Images.xcassets */; };
		6CFB96801891F64D007A5E38 /* XCTest.framework in Frameworks */ = {isa = PBXBuildFile; fileRef = 6CFB967F1891F64D007A5E38 /* XCTest.framework */; };
		6CFB96811891F64D007A5E38 /* Foundation.framework in Frameworks */ = {isa = PBXBuildFile; fileRef = 6CFB96601891F64D007A5E38 /* Foundation.framework */; };
		6CFB96821891F64D007A5E38 /* UIKit.framework in Frameworks */ = {isa = PBXBuildFile; fileRef = 6CFB96641891F64D007A5E38 /* UIKit.framework */; };
		6CFB968A1891F64D007A5E38 /* InfoPlist.strings in Resources */ = {isa = PBXBuildFile; fileRef = 6CFB96881891F64D007A5E38 /* InfoPlist.strings */; };
		6CFB968C1891F64D007A5E38 /* SearchTests.m in Sources */ = {isa = PBXBuildFile; fileRef = 6CFB968B1891F64D007A5E38 /* SearchTests.m */; };
		6CFB96A218920C23007A5E38 /* ChineseToPinyinResource.m in Sources */ = {isa = PBXBuildFile; fileRef = 6CFB969718920C23007A5E38 /* ChineseToPinyinResource.m */; };
		6CFB96A318920C23007A5E38 /* HanyuPinyinOutputFormat.m in Sources */ = {isa = PBXBuildFile; fileRef = 6CFB969918920C23007A5E38 /* HanyuPinyinOutputFormat.m */; };
		6CFB96A418920C23007A5E38 /* NSString+PinYin4Cocoa.m in Sources */ = {isa = PBXBuildFile; fileRef = 6CFB969B18920C23007A5E38 /* NSString+PinYin4Cocoa.m */; };
		6CFB96A518920C23007A5E38 /* PinyinFormatter.m in Sources */ = {isa = PBXBuildFile; fileRef = 6CFB969E18920C23007A5E38 /* PinyinFormatter.m */; };
		6CFB96A618920C23007A5E38 /* PinyinHelper.m in Sources */ = {isa = PBXBuildFile; fileRef = 6CFB96A018920C23007A5E38 /* PinyinHelper.m */; };
		6CFB96AA18920E65007A5E38 /* ChineseInclude.m in Sources */ = {isa = PBXBuildFile; fileRef = 6CFB96A918920E65007A5E38 /* ChineseInclude.m */; };
		6CFB96B018921137007A5E38 /* PinYinForObjc.m in Sources */ = {isa = PBXBuildFile; fileRef = 6CFB96AF18921137007A5E38 /* PinYinForObjc.m */; };
		6CFB96B718922A7C007A5E38 /* PushView.m in Sources */ = {isa = PBXBuildFile; fileRef = 6CFB96B518922A7C007A5E38 /* PushView.m */; };
		6CFB96B818922A7C007A5E38 /* PushView.xib in Resources */ = {isa = PBXBuildFile; fileRef = 6CFB96B618922A7C007A5E38 /* PushView.xib */; };
		F387A9DE976847B096ED7481 /* libPods.a in Frameworks */ = {isa = PBXBuildFile; fileRef = 4FCB54A888434D86811B39A9 /* libPods.a */; };
/* End PBXBuildFile section */

/* Begin PBXContainerItemProxy section */
		6CFB96831891F64D007A5E38 /* PBXContainerItemProxy */ = {
			isa = PBXContainerItemProxy;
			containerPortal = 6CFB96551891F64D007A5E38 /* Project object */;
			proxyType = 1;
			remoteGlobalIDString = 6CFB965C1891F64D007A5E38;
			remoteInfo = Search;
		};
/* End PBXContainerItemProxy section */

/* Begin PBXFileReference section */
		0574B27D1A314B1E006636CC /* libAPI.a */ = {isa = PBXFileReference; lastKnownFileType = archive.ar; path = libAPI.a; sourceTree = "<group>"; };
		0574B27E1A314B1E006636CC /* MyStatic.h */ = {isa = PBXFileReference; fileEncoding = 4; lastKnownFileType = sourcecode.c.h; path = MyStatic.h; sourceTree = "<group>"; };
		0574B27F1A314B1E006636CC /* QMYService.h */ = {isa = PBXFileReference; fileEncoding = 4; lastKnownFileType = sourcecode.c.h; path = QMYService.h; sourceTree = "<group>"; };
		0576557219C923AC0097A1CA /* ManiTabBarViewController.h */ = {isa = PBXFileReference; fileEncoding = 4; lastKnownFileType = sourcecode.c.h; path = ManiTabBarViewController.h; sourceTree = "<group>"; };
		0576557319C923AC0097A1CA /* ManiTabBarViewController.m */ = {isa = PBXFileReference; fileEncoding = 4; lastKnownFileType = sourcecode.c.objc; path = ManiTabBarViewController.m; sourceTree = "<group>"; };
		0576557519C924000097A1CA /* FirstViewController.h */ = {isa = PBXFileReference; fileEncoding = 4; lastKnownFileType = sourcecode.c.h; path = FirstViewController.h; sourceTree = "<group>"; };
		0576557619C924000097A1CA /* FirstViewController.m */ = {isa = PBXFileReference; fileEncoding = 4; lastKnownFileType = sourcecode.c.objc; path = FirstViewController.m; sourceTree = "<group>"; };
		0576557719C924000097A1CA /* FiveTableViewController.h */ = {isa = PBXFileReference; fileEncoding = 4; lastKnownFileType = sourcecode.c.h; path = FiveTableViewController.h; sourceTree = "<group>"; };
		0576557819C924000097A1CA /* FiveTableViewController.m */ = {isa = PBXFileReference; fileEncoding = 4; lastKnownFileType = sourcecode.c.objc; path = FiveTableViewController.m; sourceTree = "<group>"; };
		0576557919C924000097A1CA /* MayNavViewController.h */ = {isa = PBXFileReference; fileEncoding = 4; lastKnownFileType = sourcecode.c.h; path = MayNavViewController.h; sourceTree = "<group>"; };
		0576557A19C924000097A1CA /* MayNavViewController.m */ = {isa = PBXFileReference; fileEncoding = 4; lastKnownFileType = sourcecode.c.objc; path = MayNavViewController.m; sourceTree = "<group>"; };
		0576557B19C924000097A1CA /* SecondViewController.h */ = {isa = PBXFileReference; fileEncoding = 4; lastKnownFileType = sourcecode.c.h; path = SecondViewController.h; sourceTree = "<group>"; };
		0576557C19C924000097A1CA /* SecondViewController.m */ = {isa = PBXFileReference; fileEncoding = 4; lastKnownFileType = sourcecode.c.objc; path = SecondViewController.m; sourceTree = "<group>"; };
		0576557D19C924000097A1CA /* ThirdViewController.h */ = {isa = PBXFileReference; fileEncoding = 4; lastKnownFileType = sourcecode.c.h; path = ThirdViewController.h; sourceTree = "<group>"; };
		0576557E19C924000097A1CA /* ThirdViewController.m */ = {isa = PBXFileReference; fileEncoding = 4; lastKnownFileType = sourcecode.c.objc; path = ThirdViewController.m; sourceTree = "<group>"; };
		0576558419C924250097A1CA /* ForeViewController.h */ = {isa = PBXFileReference; fileEncoding = 4; lastKnownFileType = sourcecode.c.h; path = ForeViewController.h; sourceTree = "<group>"; };
		0576558519C924250097A1CA /* ForeViewController.m */ = {isa = PBXFileReference; fileEncoding = 4; lastKnownFileType = sourcecode.c.objc; path = ForeViewController.m; sourceTree = "<group>"; };
		0576558719C924780097A1CA /* BaseViewController.h */ = {isa = PBXFileReference; fileEncoding = 4; lastKnownFileType = sourcecode.c.h; path = BaseViewController.h; sourceTree = "<group>"; };
		0576558819C924780097A1CA /* BaseViewController.m */ = {isa = PBXFileReference; fileEncoding = 4; lastKnownFileType = sourcecode.c.objc; path = BaseViewController.m; sourceTree = "<group>"; };
		057AC5A219945A520098F797 /* citydict.plist */ = {isa = PBXFileReference; fileEncoding = 4; lastKnownFileType = text.plist.xml; path = citydict.plist; sourceTree = "<group>"; };
		0584A19C1A36A25E00F4BDDA /* MYimage.h */ = {isa = PBXFileReference; fileEncoding = 4; lastKnownFileType = sourcecode.c.h; path = MYimage.h; sourceTree = "<group>"; };
		0584A19D1A36A25E00F4BDDA /* MYimage.m */ = {isa = PBXFileReference; fileEncoding = 4; lastKnownFileType = sourcecode.c.objc; path = MYimage.m; sourceTree = "<group>"; };
		0584A19F1A36A2F400F4BDDA /* 2.jpg */ = {isa = PBXFileReference; lastKnownFileType = image.jpeg; path = 2.jpg; sourceTree = "<group>"; };
		0584A1A01A36A2F400F4BDDA /* 3.jpeg */ = {isa = PBXFileReference; lastKnownFileType = image.jpeg; path = 3.jpeg; sourceTree = "<group>"; };
		0584A1A11A36A2F400F4BDDA /* 4.jpg */ = {isa = PBXFileReference; lastKnownFileType = image.jpeg; path = 4.jpg; sourceTree = "<group>"; };
		0584A1A61A36E90800F4BDDA /* NdUncaughtExceptionHandler.h */ = {isa = PBXFileReference; fileEncoding = 4; lastKnownFileType = sourcecode.c.h; path = NdUncaughtExceptionHandler.h; sourceTree = "<group>"; };
		0584A1A71A36E90800F4BDDA /* NdUncaughtExceptionHandler.m */ = {isa = PBXFileReference; fileEncoding = 4; lastKnownFileType = sourcecode.c.objc; path = NdUncaughtExceptionHandler.m; sourceTree = "<group>"; };
		05AA2D5819C2A8E600173D17 /* guides0.png */ = {isa = PBXFileReference; lastKnownFileType = image.png; path = guides0.png; sourceTree = "<group>"; };
		05AA2D5919C2A8E600173D17 /* guides1.png */ = {isa = PBXFileReference; lastKnownFileType = image.png; path = guides1.png; sourceTree = "<group>"; };
		05AA2D5A19C2A8E600173D17 /* guides2.png */ = {isa = PBXFileReference; lastKnownFileType = image.png; path = guides2.png; sourceTree = "<group>"; };
		05AA2D5B19C2A8E600173D17 /* guides3.png */ = {isa = PBXFileReference; lastKnownFileType = image.png; path = guides3.png; sourceTree = "<group>"; };
		05B837FC199DB45F00B6BC2A /* unicode_to_hanyu_pinyin.txt */ = {isa = PBXFileReference; fileEncoding = 4; lastKnownFileType = text; path = unicode_to_hanyu_pinyin.txt; sourceTree = "<group>"; };
		4C5CA99024C14C28A733AC11 /* Pods.xcconfig */ = {isa = PBXFileReference; includeInIndex = 1; lastKnownFileType = text.xcconfig; name = Pods.xcconfig; path = Pods/Pods.xcconfig; sourceTree = "<group>"; };
		4FCB54A888434D86811B39A9 /* libPods.a */ = {isa = PBXFileReference; explicitFileType = archive.ar; includeInIndex = 0; path = libPods.a; sourceTree = BUILT_PRODUCTS_DIR; };
		6CFB965D1891F64D007A5E38 /* Search.app */ = {isa = PBXFileReference; explicitFileType = wrapper.application; includeInIndex = 0; path = Search.app; sourceTree = BUILT_PRODUCTS_DIR; };
		6CFB96601891F64D007A5E38 /* Foundation.framework */ = {isa = PBXFileReference; lastKnownFileType = wrapper.framework; name = Foundation.framework; path = System/Library/Frameworks/Foundation.framework; sourceTree = SDKROOT; };
		6CFB96621891F64D007A5E38 /* CoreGraphics.framework */ = {isa = PBXFileReference; lastKnownFileType = wrapper.framework; name = CoreGraphics.framework; path = System/Library/Frameworks/CoreGraphics.framework; sourceTree = SDKROOT; };
		6CFB96641891F64D007A5E38 /* UIKit.framework */ = {isa = PBXFileReference; lastKnownFileType = wrapper.framework; name = UIKit.framework; path = System/Library/Frameworks/UIKit.framework; sourceTree = SDKROOT; };
		6CFB96681891F64D007A5E38 /* Search-Info.plist */ = {isa = PBXFileReference; lastKnownFileType = text.plist.xml; path = "Search-Info.plist"; sourceTree = "<group>"; };
		6CFB966A1891F64D007A5E38 /* en */ = {isa = PBXFileReference; lastKnownFileType = text.plist.strings; name = en; path = en.lproj/InfoPlist.strings; sourceTree = "<group>"; };
		6CFB966C1891F64D007A5E38 /* main.m */ = {isa = PBXFileReference; lastKnownFileType = sourcecode.c.objc; path = main.m; sourceTree = "<group>"; };
		6CFB966E1891F64D007A5E38 /* Search-Prefix.pch */ = {isa = PBXFileReference; lastKnownFileType = sourcecode.c.h; path = "Search-Prefix.pch"; sourceTree = "<group>"; };
		6CFB966F1891F64D007A5E38 /* AppDelegate.h */ = {isa = PBXFileReference; lastKnownFileType = sourcecode.c.h; path = AppDelegate.h; sourceTree = "<group>"; };
		6CFB96701891F64D007A5E38 /* AppDelegate.m */ = {isa = PBXFileReference; lastKnownFileType = sourcecode.c.objc; path = AppDelegate.m; sourceTree = "<group>"; };
		6CFB96731891F64D007A5E38 /* Base */ = {isa = PBXFileReference; lastKnownFileType = file.storyboard; name = Base; path = Base.lproj/Main.storyboard; sourceTree = "<group>"; };
		6CFB96751891F64D007A5E38 /* ViewController.h */ = {isa = PBXFileReference; lastKnownFileType = sourcecode.c.h; path = ViewController.h; sourceTree = "<group>"; };
		6CFB96761891F64D007A5E38 /* ViewController.m */ = {isa = PBXFileReference; lastKnownFileType = sourcecode.c.objc; path = ViewController.m; sourceTree = "<group>"; };
		6CFB96781891F64D007A5E38 /* Images.xcassets */ = {isa = PBXFileReference; lastKnownFileType = folder.assetcatalog; path = Images.xcassets; sourceTree = "<group>"; };
		6CFB967E1891F64D007A5E38 /* SearchTests.xctest */ = {isa = PBXFileReference; explicitFileType = wrapper.cfbundle; includeInIndex = 0; path = SearchTests.xctest; sourceTree = BUILT_PRODUCTS_DIR; };
		6CFB967F1891F64D007A5E38 /* XCTest.framework */ = {isa = PBXFileReference; lastKnownFileType = wrapper.framework; name = XCTest.framework; path = Library/Frameworks/XCTest.framework; sourceTree = DEVELOPER_DIR; };
		6CFB96871891F64D007A5E38 /* SearchTests-Info.plist */ = {isa = PBXFileReference; lastKnownFileType = text.plist.xml; path = "SearchTests-Info.plist"; sourceTree = "<group>"; };
		6CFB96891891F64D007A5E38 /* en */ = {isa = PBXFileReference; lastKnownFileType = text.plist.strings; name = en; path = en.lproj/InfoPlist.strings; sourceTree = "<group>"; };
		6CFB968B1891F64D007A5E38 /* SearchTests.m */ = {isa = PBXFileReference; lastKnownFileType = sourcecode.c.objc; path = SearchTests.m; sourceTree = "<group>"; };
		6CFB969618920C23007A5E38 /* ChineseToPinyinResource.h */ = {isa = PBXFileReference; fileEncoding = 4; lastKnownFileType = sourcecode.c.h; path = ChineseToPinyinResource.h; sourceTree = "<group>"; };
		6CFB969718920C23007A5E38 /* ChineseToPinyinResource.m */ = {isa = PBXFileReference; fileEncoding = 4; lastKnownFileType = sourcecode.c.objc; path = ChineseToPinyinResource.m; sourceTree = "<group>"; };
		6CFB969818920C23007A5E38 /* HanyuPinyinOutputFormat.h */ = {isa = PBXFileReference; fileEncoding = 4; lastKnownFileType = sourcecode.c.h; path = HanyuPinyinOutputFormat.h; sourceTree = "<group>"; };
		6CFB969918920C23007A5E38 /* HanyuPinyinOutputFormat.m */ = {isa = PBXFileReference; fileEncoding = 4; lastKnownFileType = sourcecode.c.objc; path = HanyuPinyinOutputFormat.m; sourceTree = "<group>"; };
		6CFB969A18920C23007A5E38 /* NSString+PinYin4Cocoa.h */ = {isa = PBXFileReference; fileEncoding = 4; lastKnownFileType = sourcecode.c.h; path = "NSString+PinYin4Cocoa.h"; sourceTree = "<group>"; };
		6CFB969B18920C23007A5E38 /* NSString+PinYin4Cocoa.m */ = {isa = PBXFileReference; fileEncoding = 4; lastKnownFileType = sourcecode.c.objc; path = "NSString+PinYin4Cocoa.m"; sourceTree = "<group>"; };
		6CFB969D18920C23007A5E38 /* PinyinFormatter.h */ = {isa = PBXFileReference; fileEncoding = 4; lastKnownFileType = sourcecode.c.h; path = PinyinFormatter.h; sourceTree = "<group>"; };
		6CFB969E18920C23007A5E38 /* PinyinFormatter.m */ = {isa = PBXFileReference; fileEncoding = 4; lastKnownFileType = sourcecode.c.objc; path = PinyinFormatter.m; sourceTree = "<group>"; };
		6CFB969F18920C23007A5E38 /* PinyinHelper.h */ = {isa = PBXFileReference; fileEncoding = 4; lastKnownFileType = sourcecode.c.h; path = PinyinHelper.h; sourceTree = "<group>"; };
		6CFB96A018920C23007A5E38 /* PinyinHelper.m */ = {isa = PBXFileReference; fileEncoding = 4; lastKnownFileType = sourcecode.c.objc; path = PinyinHelper.m; sourceTree = "<group>"; };
		6CFB96A818920E65007A5E38 /* ChineseInclude.h */ = {isa = PBXFileReference; fileEncoding = 4; lastKnownFileType = sourcecode.c.h; path = ChineseInclude.h; sourceTree = "<group>"; };
		6CFB96A918920E65007A5E38 /* ChineseInclude.m */ = {isa = PBXFileReference; fileEncoding = 4; lastKnownFileType = sourcecode.c.objc; path = ChineseInclude.m; sourceTree = "<group>"; };
		6CFB96AE18921137007A5E38 /* PinYinForObjc.h */ = {isa = PBXFileReference; fileEncoding = 4; lastKnownFileType = sourcecode.c.h; path = PinYinForObjc.h; sourceTree = "<group>"; };
		6CFB96AF18921137007A5E38 /* PinYinForObjc.m */ = {isa = PBXFileReference; fileEncoding = 4; lastKnownFileType = sourcecode.c.objc; path = PinYinForObjc.m; sourceTree = "<group>"; };
		6CFB96B418922A7C007A5E38 /* PushView.h */ = {isa = PBXFileReference; fileEncoding = 4; lastKnownFileType = sourcecode.c.h; path = PushView.h; sourceTree = "<group>"; };
		6CFB96B518922A7C007A5E38 /* PushView.m */ = {isa = PBXFileReference; fileEncoding = 4; lastKnownFileType = sourcecode.c.objc; path = PushView.m; sourceTree = "<group>"; };
		6CFB96B618922A7C007A5E38 /* PushView.xib */ = {isa = PBXFileReference; fileEncoding = 4; lastKnownFileType = file.xib; path = PushView.xib; sourceTree = "<group>"; };
/* End PBXFileReference section */

/* Begin PBXFrameworksBuildPhase section */
		6CFB965A1891F64D007A5E38 /* Frameworks */ = {
			isa = PBXFrameworksBuildPhase;
			buildActionMask = 2147483647;
			files = (
				0574B2801A314B1E006636CC /* libAPI.a in Frameworks */,
				6CFB96631891F64D007A5E38 /* CoreGraphics.framework in Frameworks */,
				6CFB96651891F64D007A5E38 /* UIKit.framework in Frameworks */,
				6CFB96611891F64D007A5E38 /* Foundation.framework in Frameworks */,
				F387A9DE976847B096ED7481 /* libPods.a in Frameworks */,
			);
			runOnlyForDeploymentPostprocessing = 0;
		};
		6CFB967B1891F64D007A5E38 /* Frameworks */ = {
			isa = PBXFrameworksBuildPhase;
			buildActionMask = 2147483647;
			files = (
				6CFB96801891F64D007A5E38 /* XCTest.framework in Frameworks */,
				6CFB96821891F64D007A5E38 /* UIKit.framework in Frameworks */,
				6CFB96811891F64D007A5E38 /* Foundation.framework in Frameworks */,
			);
			runOnlyForDeploymentPostprocessing = 0;
		};
/* End PBXFrameworksBuildPhase section */

/* Begin PBXGroup section */
		0584A19A1A36A21900F4BDDA /* public */ = {
			isa = PBXGroup;
			children = (
				0584A19C1A36A25E00F4BDDA /* MYimage.h */,
				0584A19D1A36A25E00F4BDDA /* MYimage.m */,
				0584A1A61A36E90800F4BDDA /* NdUncaughtExceptionHandler.h */,
				0584A1A71A36E90800F4BDDA /* NdUncaughtExceptionHandler.m */,
			);
			path = public;
			sourceTree = "<group>";
		};
		0584A19B1A36A22200F4BDDA /* images */ = {
			isa = PBXGroup;
			children = (
				0584A19F1A36A2F400F4BDDA /* 2.jpg */,
				0584A1A01A36A2F400F4BDDA /* 3.jpeg */,
				0584A1A11A36A2F400F4BDDA /* 4.jpg */,
			);
			path = images;
			sourceTree = "<group>";
		};
		6CFB96541891F64D007A5E38 = {
			isa = PBXGroup;
			children = (
				6CFB96661891F64D007A5E38 /* Search */,
				6CFB969518920C05007A5E38 /* PinYin */,
				6CFB96851891F64D007A5E38 /* SearchTests */,
				6CFB965F1891F64D007A5E38 /* Frameworks */,
				6CFB965E1891F64D007A5E38 /* Products */,
				4C5CA99024C14C28A733AC11 /* Pods.xcconfig */,
			);
			sourceTree = "<group>";
		};
		6CFB965E1891F64D007A5E38 /* Products */ = {
			isa = PBXGroup;
			children = (
				6CFB965D1891F64D007A5E38 /* Search.app */,
				6CFB967E1891F64D007A5E38 /* SearchTests.xctest */,
			);
			name = Products;
			sourceTree = "<group>";
		};
		6CFB965F1891F64D007A5E38 /* Frameworks */ = {
			isa = PBXGroup;
			children = (
				6CFB96601891F64D007A5E38 /* Foundation.framework */,
				6CFB96621891F64D007A5E38 /* CoreGraphics.framework */,
				6CFB96641891F64D007A5E38 /* UIKit.framework */,
				6CFB967F1891F64D007A5E38 /* XCTest.framework */,
				4FCB54A888434D86811B39A9 /* libPods.a */,
			);
			name = Frameworks;
			sourceTree = "<group>";
		};
		6CFB96661891F64D007A5E38 /* Search */ = {
			isa = PBXGroup;
			children = (
				0584A19B1A36A22200F4BDDA /* images */,
				0584A19A1A36A21900F4BDDA /* public */,
				6CFB966F1891F64D007A5E38 /* AppDelegate.h */,
				6CFB96701891F64D007A5E38 /* AppDelegate.m */,
				0576557219C923AC0097A1CA /* ManiTabBarViewController.h */,
				0576557319C923AC0097A1CA /* ManiTabBarViewController.m */,
				0576558719C924780097A1CA /* BaseViewController.h */,
				0576558819C924780097A1CA /* BaseViewController.m */,
				0574B27D1A314B1E006636CC /* libAPI.a */,
				0574B27E1A314B1E006636CC /* MyStatic.h */,
				0574B27F1A314B1E006636CC /* QMYService.h */,
				6CFB96751891F64D007A5E38 /* ViewController.h */,
				6CFB96761891F64D007A5E38 /* ViewController.m */,
				0576557519C924000097A1CA /* FirstViewController.h */,
				0576557619C924000097A1CA /* FirstViewController.m */,
				0576557B19C924000097A1CA /* SecondViewController.h */,
				0576557C19C924000097A1CA /* SecondViewController.m */,
				0576557D19C924000097A1CA /* ThirdViewController.h */,
				0576557E19C924000097A1CA /* ThirdViewController.m */,
				0576558419C924250097A1CA /* ForeViewController.h */,
				0576558519C924250097A1CA /* ForeViewController.m */,
				0576557719C924000097A1CA /* FiveTableViewController.h */,
				0576557819C924000097A1CA /* FiveTableViewController.m */,
				0576557919C924000097A1CA /* MayNavViewController.h */,
				0576557A19C924000097A1CA /* MayNavViewController.m */,
				6CFB96B418922A7C007A5E38 /* PushView.h */,
				6CFB96B518922A7C007A5E38 /* PushView.m */,
				6CFB96B618922A7C007A5E38 /* PushView.xib */,
				6CFB96A818920E65007A5E38 /* ChineseInclude.h */,
				6CFB96A918920E65007A5E38 /* ChineseInclude.m */,
				6CFB96781891F64D007A5E38 /* Images.xcassets */,
				057AC5A219945A520098F797 /* citydict.plist */,
				6CFB96721891F64D007A5E38 /* Main.storyboard */,
				6CFB96671891F64D007A5E38 /* Supporting Files */,
			);
			path = Search;
			sourceTree = "<group>";
		};
		6CFB96671891F64D007A5E38 /* Supporting Files */ = {
			isa = PBXGroup;
			children = (
				05AA2D5819C2A8E600173D17 /* guides0.png */,
				05AA2D5919C2A8E600173D17 /* guides1.png */,
				05AA2D5A19C2A8E600173D17 /* guides2.png */,
				05AA2D5B19C2A8E600173D17 /* guides3.png */,
				6CFB96681891F64D007A5E38 /* Search-Info.plist */,
				6CFB96691891F64D007A5E38 /* InfoPlist.strings */,
				6CFB966C1891F64D007A5E38 /* main.m */,
				6CFB966E1891F64D007A5E38 /* Search-Prefix.pch */,
			);
			name = "Supporting Files";
			sourceTree = "<group>";
		};
		6CFB96851891F64D007A5E38 /* SearchTests */ = {
			isa = PBXGroup;
			children = (
				6CFB968B1891F64D007A5E38 /* SearchTests.m */,
				6CFB96861891F64D007A5E38 /* Supporting Files */,
			);
			path = SearchTests;
			sourceTree = "<group>";
		};
		6CFB96861891F64D007A5E38 /* Supporting Files */ = {
			isa = PBXGroup;
			children = (
				6CFB96871891F64D007A5E38 /* SearchTests-Info.plist */,
				6CFB96881891F64D007A5E38 /* InfoPlist.strings */,
			);
			name = "Supporting Files";
			sourceTree = "<group>";
		};
		6CFB969518920C05007A5E38 /* PinYin */ = {
			isa = PBXGroup;
			children = (
				6CFB96AE18921137007A5E38 /* PinYinForObjc.h */,
				6CFB96AF18921137007A5E38 /* PinYinForObjc.m */,
				6CFB969618920C23007A5E38 /* ChineseToPinyinResource.h */,
				6CFB969718920C23007A5E38 /* ChineseToPinyinResource.m */,
				6CFB969818920C23007A5E38 /* HanyuPinyinOutputFormat.h */,
				6CFB969918920C23007A5E38 /* HanyuPinyinOutputFormat.m */,
				6CFB969A18920C23007A5E38 /* NSString+PinYin4Cocoa.h */,
				6CFB969B18920C23007A5E38 /* NSString+PinYin4Cocoa.m */,
				6CFB969D18920C23007A5E38 /* PinyinFormatter.h */,
				6CFB969E18920C23007A5E38 /* PinyinFormatter.m */,
				05B837FC199DB45F00B6BC2A /* unicode_to_hanyu_pinyin.txt */,
				6CFB969F18920C23007A5E38 /* PinyinHelper.h */,
				6CFB96A018920C23007A5E38 /* PinyinHelper.m */,
			);
			name = PinYin;
			path = Search;
			sourceTree = "<group>";
		};
/* End PBXGroup section */

/* Begin PBXNativeTarget section */
		6CFB965C1891F64D007A5E38 /* Search */ = {
			isa = PBXNativeTarget;
			buildConfigurationList = 6CFB968F1891F64D007A5E38 /* Build configuration list for PBXNativeTarget "Search" */;
			buildPhases = (
				1B55E5D8E404447DA4F6E249 /* Check Pods Manifest.lock */,
				6CFB96591891F64D007A5E38 /* Sources */,
				6CFB965A1891F64D007A5E38 /* Frameworks */,
				6CFB965B1891F64D007A5E38 /* Resources */,
				F737C8B764D64BD3A74244C4 /* Copy Pods Resources */,
			);
			buildRules = (
			);
			dependencies = (
			);
			name = Search;
			productName = Search;
			productReference = 6CFB965D1891F64D007A5E38 /* Search.app */;
			productType = "com.apple.product-type.application";
		};
		6CFB967D1891F64D007A5E38 /* SearchTests */ = {
			isa = PBXNativeTarget;
			buildConfigurationList = 6CFB96921891F64D007A5E38 /* Build configuration list for PBXNativeTarget "SearchTests" */;
			buildPhases = (
				6CFB967A1891F64D007A5E38 /* Sources */,
				6CFB967B1891F64D007A5E38 /* Frameworks */,
				6CFB967C1891F64D007A5E38 /* Resources */,
			);
			buildRules = (
			);
			dependencies = (
				6CFB96841891F64D007A5E38 /* PBXTargetDependency */,
			);
			name = SearchTests;
			productName = SearchTests;
			productReference = 6CFB967E1891F64D007A5E38 /* SearchTests.xctest */;
			productType = "com.apple.product-type.bundle.unit-test";
		};
/* End PBXNativeTarget section */

/* Begin PBXProject section */
		6CFB96551891F64D007A5E38 /* Project object */ = {
			isa = PBXProject;
			attributes = {
				LastUpgradeCheck = 0500;
				ORGANIZATIONNAME = LYZ;
				TargetAttributes = {
					6CFB965C1891F64D007A5E38 = {
						DevelopmentTeam = PNCLNPRVE8;
					};
					6CFB967D1891F64D007A5E38 = {
						TestTargetID = 6CFB965C1891F64D007A5E38;
					};
				};
			};
			buildConfigurationList = 6CFB96581891F64D007A5E38 /* Build configuration list for PBXProject "Search" */;
			compatibilityVersion = "Xcode 3.2";
			developmentRegion = English;
			hasScannedForEncodings = 0;
			knownRegions = (
				en,
				Base,
			);
			mainGroup = 6CFB96541891F64D007A5E38;
			productRefGroup = 6CFB965E1891F64D007A5E38 /* Products */;
			projectDirPath = "";
			projectRoot = "";
			targets = (
				6CFB965C1891F64D007A5E38 /* Search */,
				6CFB967D1891F64D007A5E38 /* SearchTests */,
			);
		};
/* End PBXProject section */

/* Begin PBXResourcesBuildPhase section */
		6CFB965B1891F64D007A5E38 /* Resources */ = {
			isa = PBXResourcesBuildPhase;
			buildActionMask = 2147483647;
			files = (
				0584A1A21A36A2F400F4BDDA /* 2.jpg in Resources */,
				05AA2D5F19C2A8E600173D17 /* guides3.png in Resources */,
				05AA2D5D19C2A8E600173D17 /* guides1.png in Resources */,
				05B837FD199DB45F00B6BC2A /* unicode_to_hanyu_pinyin.txt in Resources */,
				057AC5A319945A520098F797 /* citydict.plist in Resources */,
				6CFB96791891F64D007A5E38 /* Images.xcassets in Resources */,
				6CFB96B818922A7C007A5E38 /* PushView.xib in Resources */,
				05AA2D5C19C2A8E600173D17 /* guides0.png in Resources */,
				05AA2D5E19C2A8E600173D17 /* guides2.png in Resources */,
				0584A1A31A36A2F400F4BDDA /* 3.jpeg in Resources */,
				6CFB966B1891F64D007A5E38 /* InfoPlist.strings in Resources */,
				6CFB96741891F64D007A5E38 /* Main.storyboard in Resources */,
				0584A1A41A36A2F400F4BDDA /* 4.jpg in Resources */,
			);
			runOnlyForDeploymentPostprocessing = 0;
		};
		6CFB967C1891F64D007A5E38 /* Resources */ = {
			isa = PBXResourcesBuildPhase;
			buildActionMask = 2147483647;
			files = (
				6CFB968A1891F64D007A5E38 /* InfoPlist.strings in Resources */,
			);
			runOnlyForDeploymentPostprocessing = 0;
		};
/* End PBXResourcesBuildPhase section */

/* Begin PBXShellScriptBuildPhase section */
		1B55E5D8E404447DA4F6E249 /* Check Pods Manifest.lock */ = {
			isa = PBXShellScriptBuildPhase;
			buildActionMask = 2147483647;
			files = (
			);
			inputPaths = (
			);
			name = "Check Pods Manifest.lock";
			outputPaths = (
			);
			runOnlyForDeploymentPostprocessing = 0;
			shellPath = /bin/sh;
			shellScript = "diff \"${PODS_ROOT}/../Podfile.lock\" \"${PODS_ROOT}/Manifest.lock\" > /dev/null\nif [[ $? != 0 ]] ; then\n    cat << EOM\nerror: The sandbox is not in sync with the Podfile.lock. Run 'pod install' or update your CocoaPods installation.\nEOM\n    exit 1\nfi\n";
			showEnvVarsInLog = 0;
		};
		F737C8B764D64BD3A74244C4 /* Copy Pods Resources */ = {
			isa = PBXShellScriptBuildPhase;
			buildActionMask = 2147483647;
			files = (
			);
			inputPaths = (
			);
			name = "Copy Pods Resources";
			outputPaths = (
			);
			runOnlyForDeploymentPostprocessing = 0;
			shellPath = /bin/sh;
			shellScript = "\"${SRCROOT}/Pods/Pods-resources.sh\"\n";
			showEnvVarsInLog = 0;
		};
/* End PBXShellScriptBuildPhase section */

/* Begin PBXSourcesBuildPhase section */
		6CFB96591891F64D007A5E38 /* Sources */ = {
			isa = PBXSourcesBuildPhase;
			buildActionMask = 2147483647;
			files = (
				0576558919C924780097A1CA /* BaseViewController.m in Sources */,
				6CFB96A618920C23007A5E38 /* PinyinHelper.m in Sources */,
				0584A1A81A36E90800F4BDDA /* NdUncaughtExceptionHandler.m in Sources */,
				6CFB96771891F64D007A5E38 /* ViewController.m in Sources */,
				6CFB96A318920C23007A5E38 /* HanyuPinyinOutputFormat.m in Sources */,
				6CFB96B718922A7C007A5E38 /* PushView.m in Sources */,
				6CFB96A218920C23007A5E38 /* ChineseToPinyinResource.m in Sources */,
				0576558019C924000097A1CA /* FiveTableViewController.m in Sources */,
				0576558619C924250097A1CA /* ForeViewController.m in Sources */,
				0576557419C923AC0097A1CA /* ManiTabBarViewController.m in Sources */,
				0576558319C924000097A1CA /* ThirdViewController.m in Sources */,
				6CFB96A418920C23007A5E38 /* NSString+PinYin4Cocoa.m in Sources */,
				0576557F19C924000097A1CA /* FirstViewController.m in Sources */,
				6CFB96A518920C23007A5E38 /* PinyinFormatter.m in Sources */,
				6CFB96AA18920E65007A5E38 /* ChineseInclude.m in Sources */,
				6CFB96711891F64D007A5E38 /* AppDelegate.m in Sources */,
				0576558219C924000097A1CA /* SecondViewController.m in Sources */,
				0576558119C924000097A1CA /* MayNavViewController.m in Sources */,
				0584A19E1A36A25E00F4BDDA /* MYimage.m in Sources */,
				6CFB966D1891F64D007A5E38 /* main.m in Sources */,
				6CFB96B018921137007A5E38 /* PinYinForObjc.m in Sources */,
			);
			runOnlyForDeploymentPostprocessing = 0;
		};
		6CFB967A1891F64D007A5E38 /* Sources */ = {
			isa = PBXSourcesBuildPhase;
			buildActionMask = 2147483647;
			files = (
				6CFB968C1891F64D007A5E38 /* SearchTests.m in Sources */,
			);
			runOnlyForDeploymentPostprocessing = 0;
		};
/* End PBXSourcesBuildPhase section */

/* Begin PBXTargetDependency section */
		6CFB96841891F64D007A5E38 /* PBXTargetDependency */ = {
			isa = PBXTargetDependency;
			target = 6CFB965C1891F64D007A5E38 /* Search */;
			targetProxy = 6CFB96831891F64D007A5E38 /* PBXContainerItemProxy */;
		};
/* End PBXTargetDependency section */

/* Begin PBXVariantGroup section */
		6CFB96691891F64D007A5E38 /* InfoPlist.strings */ = {
			isa = PBXVariantGroup;
			children = (
				6CFB966A1891F64D007A5E38 /* en */,
			);
			name = InfoPlist.strings;
			sourceTree = "<group>";
		};
		6CFB96721891F64D007A5E38 /* Main.storyboard */ = {
			isa = PBXVariantGroup;
			children = (
				6CFB96731891F64D007A5E38 /* Base */,
			);
			name = Main.storyboard;
			sourceTree = "<group>";
		};
		6CFB96881891F64D007A5E38 /* InfoPlist.strings */ = {
			isa = PBXVariantGroup;
			children = (
				6CFB96891891F64D007A5E38 /* en */,
			);
			name = InfoPlist.strings;
			sourceTree = "<group>";
		};
/* End PBXVariantGroup section */

/* Begin XCBuildConfiguration section */
		6CFB968D1891F64D007A5E38 /* Debug */ = {
			isa = XCBuildConfiguration;
			buildSettings = {
				ALWAYS_SEARCH_USER_PATHS = NO;
				ARCHS = "$(ARCHS_STANDARD_INCLUDING_64_BIT)";
				CLANG_CXX_LANGUAGE_STANDARD = "gnu++0x";
				CLANG_CXX_LIBRARY = "libc++";
				CLANG_ENABLE_MODULES = YES;
				CLANG_ENABLE_OBJC_ARC = YES;
				CLANG_WARN_BOOL_CONVERSION = YES;
				CLANG_WARN_CONSTANT_CONVERSION = YES;
				CLANG_WARN_DIRECT_OBJC_ISA_USAGE = YES_ERROR;
				CLANG_WARN_EMPTY_BODY = YES;
				CLANG_WARN_ENUM_CONVERSION = YES;
				CLANG_WARN_INT_CONVERSION = YES;
				CLANG_WARN_OBJC_ROOT_CLASS = YES_ERROR;
				CLANG_WARN__DUPLICATE_METHOD_MATCH = YES;
				"CODE_SIGN_IDENTITY[sdk=iphoneos*]" = "iPhone Developer";
				COPY_PHASE_STRIP = NO;
				GCC_C_LANGUAGE_STANDARD = gnu99;
				GCC_DYNAMIC_NO_PIC = NO;
				GCC_OPTIMIZATION_LEVEL = 0;
				GCC_PREPROCESSOR_DEFINITIONS = (
					"DEBUG=1",
					"$(inherited)",
				);
				GCC_SYMBOLS_PRIVATE_EXTERN = NO;
				GCC_WARN_64_TO_32_BIT_CONVERSION = YES;
				GCC_WARN_ABOUT_RETURN_TYPE = YES_ERROR;
				GCC_WARN_UNDECLARED_SELECTOR = YES;
				GCC_WARN_UNINITIALIZED_AUTOS = YES;
				GCC_WARN_UNUSED_FUNCTION = YES;
				GCC_WARN_UNUSED_VARIABLE = YES;
				IPHONEOS_DEPLOYMENT_TARGET = 6.0;
				ONLY_ACTIVE_ARCH = YES;
				SDKROOT = iphoneos;
			};
			name = Debug;
		};
		6CFB968E1891F64D007A5E38 /* Release */ = {
			isa = XCBuildConfiguration;
			buildSettings = {
				ALWAYS_SEARCH_USER_PATHS = NO;
				ARCHS = "$(ARCHS_STANDARD_INCLUDING_64_BIT)";
				CLANG_CXX_LANGUAGE_STANDARD = "gnu++0x";
				CLANG_CXX_LIBRARY = "libc++";
				CLANG_ENABLE_MODULES = YES;
				CLANG_ENABLE_OBJC_ARC = YES;
				CLANG_WARN_BOOL_CONVERSION = YES;
				CLANG_WARN_CONSTANT_CONVERSION = YES;
				CLANG_WARN_DIRECT_OBJC_ISA_USAGE = YES_ERROR;
				CLANG_WARN_EMPTY_BODY = YES;
				CLANG_WARN_ENUM_CONVERSION = YES;
				CLANG_WARN_INT_CONVERSION = YES;
				CLANG_WARN_OBJC_ROOT_CLASS = YES_ERROR;
				CLANG_WARN__DUPLICATE_METHOD_MATCH = YES;
				"CODE_SIGN_IDENTITY[sdk=iphoneos*]" = "iPhone Developer";
				COPY_PHASE_STRIP = YES;
				ENABLE_NS_ASSERTIONS = NO;
				GCC_C_LANGUAGE_STANDARD = gnu99;
				GCC_WARN_64_TO_32_BIT_CONVERSION = YES;
				GCC_WARN_ABOUT_RETURN_TYPE = YES_ERROR;
				GCC_WARN_UNDECLARED_SELECTOR = YES;
				GCC_WARN_UNINITIALIZED_AUTOS = YES;
				GCC_WARN_UNUSED_FUNCTION = YES;
				GCC_WARN_UNUSED_VARIABLE = YES;
				IPHONEOS_DEPLOYMENT_TARGET = 6.0;
				SDKROOT = iphoneos;
				VALIDATE_PRODUCT = YES;
			};
			name = Release;
		};
		6CFB96901891F64D007A5E38 /* Debug */ = {
			isa = XCBuildConfiguration;
			baseConfigurationReference = 4C5CA99024C14C28A733AC11 /* Pods.xcconfig */;
			buildSettings = {
				ARCHS = "$(ARCHS_STANDARD)";
				ASSETCATALOG_COMPILER_APPICON_NAME = AppIcon;
				ASSETCATALOG_COMPILER_LAUNCHIMAGE_NAME = LaunchImage;
				CODE_SIGN_IDENTITY = "iPhone Distribution: Hong Kong Jiexun Telecom Co., Limited/";
				"CODE_SIGN_IDENTITY[sdk=iphoneos*]" = "iPhone Distribution: Hong Kong Jiexun Telecom Co., Limited/";
				GCC_PRECOMPILE_PREFIX_HEADER = YES;
				GCC_PREFIX_HEADER = "Search/Search-Prefix.pch";
				INFOPLIST_FILE = "Search/Search-Info.plist";
				IPHONEOS_DEPLOYMENT_TARGET = 6.1;
				LIBRARY_SEARCH_PATHS = (
					"$(inherited)",
					"$(PROJECT_DIR)/Search",
				);
				PRODUCT_NAME = "$(TARGET_NAME)";
				PROVISIONING_PROFILE = "";
				VALID_ARCHS = "armv7 armv7s arm64";
				WRAPPER_EXTENSION = app;
			};
			name = Debug;
		};
		6CFB96911891F64D007A5E38 /* Release */ = {
			isa = XCBuildConfiguration;
			baseConfigurationReference = 4C5CA99024C14C28A733AC11 /* Pods.xcconfig */;
			buildSettings = {
				ARCHS = "$(ARCHS_STANDARD)";
				ASSETCATALOG_COMPILER_APPICON_NAME = AppIcon;
				ASSETCATALOG_COMPILER_LAUNCHIMAGE_NAME = LaunchImage;
				CODE_SIGN_IDENTITY = "iPhone Distribution: Hong Kong Jiexun Telecom Co., Limited/";
				"CODE_SIGN_IDENTITY[sdk=iphoneos*]" = "iPhone Distribution: Hong Kong Jiexun Telecom Co., Limited/";
				GCC_PRECOMPILE_PREFIX_HEADER = YES;
				GCC_PREFIX_HEADER = "Search/Search-Prefix.pch";
				INFOPLIST_FILE = "Search/Search-Info.plist";
				IPHONEOS_DEPLOYMENT_TARGET = 6.1;
				LIBRARY_SEARCH_PATHS = (
					"$(inherited)",
					"$(PROJECT_DIR)/Search",
				);
				PRODUCT_NAME = "$(TARGET_NAME)";
				PROVISIONING_PROFILE = "";
				VALID_ARCHS = "armv7 armv7s arm64";
				WRAPPER_EXTENSION = app;
			};
			name = Release;
		};
		6CFB96931891F64D007A5E38 /* Debug */ = {
			isa = XCBuildConfiguration;
			buildSettings = {
				ARCHS = "$(ARCHS_STANDARD_INCLUDING_64_BIT)";
				BUNDLE_LOADER = "$(BUILT_PRODUCTS_DIR)/Search.app/Search";
				FRAMEWORK_SEARCH_PATHS = (
					"$(SDKROOT)/Developer/Library/Frameworks",
					"$(inherited)",
					"$(DEVELOPER_FRAMEWORKS_DIR)",
				);
				GCC_PRECOMPILE_PREFIX_HEADER = YES;
				GCC_PREFIX_HEADER = "Search/Search-Prefix.pch";
				GCC_PREPROCESSOR_DEFINITIONS = (
					"DEBUG=1",
					"$(inherited)",
				);
				INFOPLIST_FILE = "SearchTests/SearchTests-Info.plist";
				PRODUCT_NAME = "$(TARGET_NAME)";
				TEST_HOST = "$(BUNDLE_LOADER)";
				WRAPPER_EXTENSION = xctest;
			};
			name = Debug;
		};
		6CFB96941891F64D007A5E38 /* Release */ = {
			isa = XCBuildConfiguration;
			buildSettings = {
				ARCHS = "$(ARCHS_STANDARD_INCLUDING_64_BIT)";
				BUNDLE_LOADER = "$(BUILT_PRODUCTS_DIR)/Search.app/Search";
				FRAMEWORK_SEARCH_PATHS = (
					"$(SDKROOT)/Developer/Library/Frameworks",
					"$(inherited)",
					"$(DEVELOPER_FRAMEWORKS_DIR)",
				);
				GCC_PRECOMPILE_PREFIX_HEADER = YES;
				GCC_PREFIX_HEADER = "Search/Search-Prefix.pch";
				INFOPLIST_FILE = "SearchTests/SearchTests-Info.plist";
				PRODUCT_NAME = "$(TARGET_NAME)";
				TEST_HOST = "$(BUNDLE_LOADER)";
				WRAPPER_EXTENSION = xctest;
			};
			name = Release;
		};
/* End XCBuildConfiguration section */

/* Begin XCConfigurationList section */
		6CFB96581891F64D007A5E38 /* Build configuration list for PBXProject "Search" */ = {
			isa = XCConfigurationList;
			buildConfigurations = (
				6CFB968D1891F64D007A5E38 /* Debug */,
				6CFB968E1891F64D007A5E38 /* Release */,
			);
			defaultConfigurationIsVisible = 0;
			defaultConfigurationName = Release;
		};
		6CFB968F1891F64D007A5E38 /* Build configuration list for PBXNativeTarget "Search" */ = {
			isa = XCConfigurationList;
			buildConfigurations = (
				6CFB96901891F64D007A5E38 /* Debug */,
				6CFB96911891F64D007A5E38 /* Release */,
			);
			defaultConfigurationIsVisible = 0;
			defaultConfigurationName = Release;
		};
		6CFB96921891F64D007A5E38 /* Build configuration list for PBXNativeTarget "SearchTests" */ = {
			isa = XCConfigurationList;
			buildConfigurations = (
				6CFB96931891F64D007A5E38 /* Debug */,
				6CFB96941891F64D007A5E38 /* Release */,
			);
			defaultConfigurationIsVisible = 0;
			defaultConfigurationName = Release;
		};
/* End XCConfigurationList section */
	};
	rootObject = 6CFB96551891F64D007A5E38 /* Project object */;
}
